// !$*UTF8*$!
{
	archiveVersion = 1;
	classes = {
	};
	objectVersion = 50;
	objects = {

/* Begin PBXBuildFile section */
		0314B988262EA6A300228590 /* UIView+Animations.swift in Sources */ = {isa = PBXBuildFile; fileRef = 0314B987262EA6A300228590 /* UIView+Animations.swift */; };
		0339CEBC263018BB000AFADD /* Congratulations.xib in Resources */ = {isa = PBXBuildFile; fileRef = 0339CEBB263018BB000AFADD /* Congratulations.xib */; };
		0339CEBF263018CA000AFADD /* Congratulations.swift in Sources */ = {isa = PBXBuildFile; fileRef = 0339CEBE263018CA000AFADD /* Congratulations.swift */; };
		03EED90225D3E471005E3A48 /* AppDelegate.swift in Sources */ = {isa = PBXBuildFile; fileRef = 03EED90125D3E471005E3A48 /* AppDelegate.swift */; };
		03EED90425D3E471005E3A48 /* art.scnassets in Resources */ = {isa = PBXBuildFile; fileRef = 03EED90325D3E471005E3A48 /* art.scnassets */; };
		03EED90625D3E471005E3A48 /* GameViewController.swift in Sources */ = {isa = PBXBuildFile; fileRef = 03EED90525D3E471005E3A48 /* GameViewController.swift */; };
		03EED90925D3E471005E3A48 /* Main.storyboard in Resources */ = {isa = PBXBuildFile; fileRef = 03EED90725D3E471005E3A48 /* Main.storyboard */; };
		03EED90B25D3E472005E3A48 /* Assets.xcassets in Resources */ = {isa = PBXBuildFile; fileRef = 03EED90A25D3E472005E3A48 /* Assets.xcassets */; };
		03EED90E25D3E472005E3A48 /* LaunchScreen.storyboard in Resources */ = {isa = PBXBuildFile; fileRef = 03EED90C25D3E472005E3A48 /* LaunchScreen.storyboard */; };
/* End PBXBuildFile section */

/* Begin PBXFileReference section */
		0314B987262EA6A300228590 /* UIView+Animations.swift */ = {isa = PBXFileReference; lastKnownFileType = sourcecode.swift; path = "UIView+Animations.swift"; sourceTree = "<group>"; };
		0339CEBB263018BB000AFADD /* Congratulations.xib */ = {isa = PBXFileReference; lastKnownFileType = file.xib; path = Congratulations.xib; sourceTree = "<group>"; };
		0339CEBE263018CA000AFADD /* Congratulations.swift */ = {isa = PBXFileReference; lastKnownFileType = sourcecode.swift; path = Congratulations.swift; sourceTree = "<group>"; };
		03EED8FE25D3E471005E3A48 /* ARkitGame.app */ = {isa = PBXFileReference; explicitFileType = wrapper.application; includeInIndex = 0; path = ARkitGame.app; sourceTree = BUILT_PRODUCTS_DIR; };
		03EED90125D3E471005E3A48 /* AppDelegate.swift */ = {isa = PBXFileReference; lastKnownFileType = sourcecode.swift; path = AppDelegate.swift; sourceTree = "<group>"; };
		03EED90325D3E471005E3A48 /* art.scnassets */ = {isa = PBXFileReference; lastKnownFileType = wrapper.scnassets; path = art.scnassets; sourceTree = "<group>"; };
		03EED90525D3E471005E3A48 /* GameViewController.swift */ = {isa = PBXFileReference; lastKnownFileType = sourcecode.swift; path = GameViewController.swift; sourceTree = "<group>"; };
		03EED90825D3E471005E3A48 /* Base */ = {isa = PBXFileReference; lastKnownFileType = file.storyboard; name = Base; path = Base.lproj/Main.storyboard; sourceTree = "<group>"; };
		03EED90A25D3E472005E3A48 /* Assets.xcassets */ = {isa = PBXFileReference; lastKnownFileType = folder.assetcatalog; path = Assets.xcassets; sourceTree = "<group>"; };
		03EED90D25D3E472005E3A48 /* Base */ = {isa = PBXFileReference; lastKnownFileType = file.storyboard; name = Base; path = Base.lproj/LaunchScreen.storyboard; sourceTree = "<group>"; };
		03EED90F25D3E472005E3A48 /* Info.plist */ = {isa = PBXFileReference; lastKnownFileType = text.plist.xml; path = Info.plist; sourceTree = "<group>"; };
/* End PBXFileReference section */

/* Begin PBXFrameworksBuildPhase section */
		03EED8FB25D3E471005E3A48 /* Frameworks */ = {
			isa = PBXFrameworksBuildPhase;
			buildActionMask = 2147483647;
			files = (
			);
			runOnlyForDeploymentPostprocessing = 0;
		};
/* End PBXFrameworksBuildPhase section */

/* Begin PBXGroup section */
		03EED8F525D3E471005E3A48 = {
			isa = PBXGroup;
			children = (
				03EED90025D3E471005E3A48 /* ARkitGame */,
				03EED8FF25D3E471005E3A48 /* Products */,
			);
			sourceTree = "<group>";
		};
		03EED8FF25D3E471005E3A48 /* Products */ = {
			isa = PBXGroup;
			children = (
				03EED8FE25D3E471005E3A48 /* ARkitGame.app */,
			);
			name = Products;
			sourceTree = "<group>";
		};
		03EED90025D3E471005E3A48 /* ARkitGame */ = {
			isa = PBXGroup;
			children = (
				737B93AD26380C30006929AD /* AppLifeCycle */,
				03EED90325D3E471005E3A48 /* art.scnassets */,
				03EED90A25D3E472005E3A48 /* Assets.xcassets */,
				737B93B326380C7D006929AD /* ViewControllers */,
				737B93B226380C6F006929AD /* Storyboards */,
				737B93AF26380C42006929AD /* Extensions */,
				737B93B026380C56006929AD /* Congratulations View */,
				03EED90F25D3E472005E3A48 /* Info.plist */,
			);
			path = ARkitGame;
			sourceTree = "<group>";
		};
		737B93AD26380C30006929AD /* AppLifeCycle */ = {
			isa = PBXGroup;
			children = (
				03EED90125D3E471005E3A48 /* AppDelegate.swift */,
			);
			path = AppLifeCycle;
			sourceTree = "<group>";
		};
		737B93AF26380C42006929AD /* Extensions */ = {
			isa = PBXGroup;
			children = (
				0314B987262EA6A300228590 /* UIView+Animations.swift */,
			);
			path = Extensions;
			sourceTree = "<group>";
		};
		737B93B026380C56006929AD /* Congratulations View */ = {
			isa = PBXGroup;
			children = (
				0339CEBB263018BB000AFADD /* Congratulations.xib */,
				0339CEBE263018CA000AFADD /* Congratulations.swift */,
			);
			path = "Congratulations View";
			sourceTree = "<group>";
		};
		737B93B226380C6F006929AD /* Storyboards */ = {
			isa = PBXGroup;
			children = (
				03EED90C25D3E472005E3A48 /* LaunchScreen.storyboard */,
				03EED90725D3E471005E3A48 /* Main.storyboard */,
			);
			path = Storyboards;
			sourceTree = "<group>";
		};
		737B93B326380C7D006929AD /* ViewControllers */ = {
			isa = PBXGroup;
			children = (
				03EED90525D3E471005E3A48 /* GameViewController.swift */,
			);
			path = ViewControllers;
			sourceTree = "<group>";
		};
/* End PBXGroup section */

/* Begin PBXNativeTarget section */
		03EED8FD25D3E471005E3A48 /* ARkitGame */ = {
			isa = PBXNativeTarget;
			buildConfigurationList = 03EED91225D3E472005E3A48 /* Build configuration list for PBXNativeTarget "ARkitGame" */;
			buildPhases = (
				03EED8FA25D3E471005E3A48 /* Sources */,
				03EED8FB25D3E471005E3A48 /* Frameworks */,
				03EED8FC25D3E471005E3A48 /* Resources */,
			);
			buildRules = (
			);
			dependencies = (
			);
			name = ARkitGame;
			productName = ARkitGame;
			productReference = 03EED8FE25D3E471005E3A48 /* ARkitGame.app */;
			productType = "com.apple.product-type.application";
		};
/* End PBXNativeTarget section */

/* Begin PBXProject section */
		03EED8F625D3E471005E3A48 /* Project object */ = {
			isa = PBXProject;
			attributes = {
				LastSwiftUpdateCheck = 1230;
				LastUpgradeCheck = 1230;
				TargetAttributes = {
					03EED8FD25D3E471005E3A48 = {
						CreatedOnToolsVersion = 12.3;
					};
				};
			};
			buildConfigurationList = 03EED8F925D3E471005E3A48 /* Build configuration list for PBXProject "ARkitGame" */;
			compatibilityVersion = "Xcode 9.3";
			developmentRegion = en;
			hasScannedForEncodings = 0;
			knownRegions = (
				en,
				Base,
			);
			mainGroup = 03EED8F525D3E471005E3A48;
			productRefGroup = 03EED8FF25D3E471005E3A48 /* Products */;
			projectDirPath = "";
			projectRoot = "";
			targets = (
				03EED8FD25D3E471005E3A48 /* ARkitGame */,
			);
		};
/* End PBXProject section */

/* Begin PBXResourcesBuildPhase section */
		03EED8FC25D3E471005E3A48 /* Resources */ = {
			isa = PBXResourcesBuildPhase;
			buildActionMask = 2147483647;
			files = (
				03EED90425D3E471005E3A48 /* art.scnassets in Resources */,
				03EED90E25D3E472005E3A48 /* LaunchScreen.storyboard in Resources */,
				03EED90B25D3E472005E3A48 /* Assets.xcassets in Resources */,
				0339CEBC263018BB000AFADD /* Congratulations.xib in Resources */,
				03EED90925D3E471005E3A48 /* Main.storyboard in Resources */,
			);
			runOnlyForDeploymentPostprocessing = 0;
		};
/* End PBXResourcesBuildPhase section */

/* Begin PBXSourcesBuildPhase section */
		03EED8FA25D3E471005E3A48 /* Sources */ = {
			isa = PBXSourcesBuildPhase;
			buildActionMask = 2147483647;
			files = (
				03EED90625D3E471005E3A48 /* GameViewController.swift in Sources */,
				0339CEBF263018CA000AFADD /* Congratulations.swift in Sources */,
				03EED90225D3E471005E3A48 /* AppDelegate.swift in Sources */,
				0314B988262EA6A300228590 /* UIView+Animations.swift in Sources */,
			);
			runOnlyForDeploymentPostprocessing = 0;
		};
/* End PBXSourcesBuildPhase section */

/* Begin PBXVariantGroup section */
		03EED90725D3E471005E3A48 /* Main.storyboard */ = {
			isa = PBXVariantGroup;
			children = (
				03EED90825D3E471005E3A48 /* Base */,
			);
			name = Main.storyboard;
			sourceTree = "<group>";
		};
		03EED90C25D3E472005E3A48 /* LaunchScreen.storyboard */ = {
			isa = PBXVariantGroup;
			children = (
				03EED90D25D3E472005E3A48 /* Base */,
			);
			name = LaunchScreen.storyboard;
			sourceTree = "<group>";
		};
/* End PBXVariantGroup section */

/* Begin XCBuildConfiguration section */
		03EED91025D3E472005E3A48 /* Debug */ = {
			isa = XCBuildConfiguration;
			buildSettings = {
				ALWAYS_SEARCH_USER_PATHS = NO;
				CLANG_ANALYZER_NONNULL = YES;
				CLANG_ANALYZER_NUMBER_OBJECT_CONVERSION = YES_AGGRESSIVE;
				CLANG_CXX_LANGUAGE_STANDARD = "gnu++14";
				CLANG_CXX_LIBRARY = "libc++";
				CLANG_ENABLE_MODULES = YES;
				CLANG_ENABLE_OBJC_ARC = YES;
				CLANG_ENABLE_OBJC_WEAK = YES;
				CLANG_WARN_BLOCK_CAPTURE_AUTORELEASING = YES;
				CLANG_WARN_BOOL_CONVERSION = YES;
				CLANG_WARN_COMMA = YES;
				CLANG_WARN_CONSTANT_CONVERSION = YES;
				CLANG_WARN_DEPRECATED_OBJC_IMPLEMENTATIONS = YES;
				CLANG_WARN_DIRECT_OBJC_ISA_USAGE = YES_ERROR;
				CLANG_WARN_DOCUMENTATION_COMMENTS = YES;
				CLANG_WARN_EMPTY_BODY = YES;
				CLANG_WARN_ENUM_CONVERSION = YES;
				CLANG_WARN_INFINITE_RECURSION = YES;
				CLANG_WARN_INT_CONVERSION = YES;
				CLANG_WARN_NON_LITERAL_NULL_CONVERSION = YES;
				CLANG_WARN_OBJC_IMPLICIT_RETAIN_SELF = YES;
				CLANG_WARN_OBJC_LITERAL_CONVERSION = YES;
				CLANG_WARN_OBJC_ROOT_CLASS = YES_ERROR;
				CLANG_WARN_QUOTED_INCLUDE_IN_FRAMEWORK_HEADER = YES;
				CLANG_WARN_RANGE_LOOP_ANALYSIS = YES;
				CLANG_WARN_STRICT_PROTOTYPES = YES;
				CLANG_WARN_SUSPICIOUS_MOVE = YES;
				CLANG_WARN_UNGUARDED_AVAILABILITY = YES_AGGRESSIVE;
				CLANG_WARN_UNREACHABLE_CODE = YES;
				CLANG_WARN__DUPLICATE_METHOD_MATCH = YES;
				COPY_PHASE_STRIP = NO;
				DEBUG_INFORMATION_FORMAT = dwarf;
				ENABLE_STRICT_OBJC_MSGSEND = YES;
				ENABLE_TESTABILITY = YES;
				GCC_C_LANGUAGE_STANDARD = gnu11;
				GCC_DYNAMIC_NO_PIC = NO;
				GCC_NO_COMMON_BLOCKS = YES;
				GCC_OPTIMIZATION_LEVEL = 0;
				GCC_PREPROCESSOR_DEFINITIONS = (
					"DEBUG=1",
					"$(inherited)",
				);
				GCC_WARN_64_TO_32_BIT_CONVERSION = YES;
				GCC_WARN_ABOUT_RETURN_TYPE = YES_ERROR;
				GCC_WARN_UNDECLARED_SELECTOR = YES;
				GCC_WARN_UNINITIALIZED_AUTOS = YES_AGGRESSIVE;
				GCC_WARN_UNUSED_FUNCTION = YES;
				GCC_WARN_UNUSED_VARIABLE = YES;
				IPHONEOS_DEPLOYMENT_TARGET = 14.3;
				MTL_ENABLE_DEBUG_INFO = INCLUDE_SOURCE;
				MTL_FAST_MATH = YES;
				ONLY_ACTIVE_ARCH = YES;
				SDKROOT = iphoneos;
				SWIFT_ACTIVE_COMPILATION_CONDITIONS = DEBUG;
				SWIFT_OPTIMIZATION_LEVEL = "-Onone";
			};
			name = Debug;
		};
		03EED91125D3E472005E3A48 /* Release */ = {
			isa = XCBuildConfiguration;
			buildSettings = {
				ALWAYS_SEARCH_USER_PATHS = NO;
				CLANG_ANALYZER_NONNULL = YES;
				CLANG_ANALYZER_NUMBER_OBJECT_CONVERSION = YES_AGGRESSIVE;
				CLANG_CXX_LANGUAGE_STANDARD = "gnu++14";
				CLANG_CXX_LIBRARY = "libc++";
				CLANG_ENABLE_MODULES = YES;
				CLANG_ENABLE_OBJC_ARC = YES;
				CLANG_ENABLE_OBJC_WEAK = YES;
				CLANG_WARN_BLOCK_CAPTURE_AUTORELEASING = YES;
				CLANG_WARN_BOOL_CONVERSION = YES;
				CLANG_WARN_COMMA = YES;
				CLANG_WARN_CONSTANT_CONVERSION = YES;
				CLANG_WARN_DEPRECATED_OBJC_IMPLEMENTATIONS = YES;
				CLANG_WARN_DIRECT_OBJC_ISA_USAGE = YES_ERROR;
				CLANG_WARN_DOCUMENTATION_COMMENTS = YES;
				CLANG_WARN_EMPTY_BODY = YES;
				CLANG_WARN_ENUM_CONVERSION = YES;
				CLANG_WARN_INFINITE_RECURSION = YES;
				CLANG_WARN_INT_CONVERSION = YES;
				CLANG_WARN_NON_LITERAL_NULL_CONVERSION = YES;
				CLANG_WARN_OBJC_IMPLICIT_RETAIN_SELF = YES;
				CLANG_WARN_OBJC_LITERAL_CONVERSION = YES;
				CLANG_WARN_OBJC_ROOT_CLASS = YES_ERROR;
				CLANG_WARN_QUOTED_INCLUDE_IN_FRAMEWORK_HEADER = YES;
				CLANG_WARN_RANGE_LOOP_ANALYSIS = YES;
				CLANG_WARN_STRICT_PROTOTYPES = YES;
				CLANG_WARN_SUSPICIOUS_MOVE = YES;
				CLANG_WARN_UNGUARDED_AVAILABILITY = YES_AGGRESSIVE;
				CLANG_WARN_UNREACHABLE_CODE = YES;
				CLANG_WARN__DUPLICATE_METHOD_MATCH = YES;
				COPY_PHASE_STRIP = NO;
				DEBUG_INFORMATION_FORMAT = "dwarf-with-dsym";
				ENABLE_NS_ASSERTIONS = NO;
				ENABLE_STRICT_OBJC_MSGSEND = YES;
				GCC_C_LANGUAGE_STANDARD = gnu11;
				GCC_NO_COMMON_BLOCKS = YES;
				GCC_WARN_64_TO_32_BIT_CONVERSION = YES;
				GCC_WARN_ABOUT_RETURN_TYPE = YES_ERROR;
				GCC_WARN_UNDECLARED_SELECTOR = YES;
				GCC_WARN_UNINITIALIZED_AUTOS = YES_AGGRESSIVE;
				GCC_WARN_UNUSED_FUNCTION = YES;
				GCC_WARN_UNUSED_VARIABLE = YES;
				IPHONEOS_DEPLOYMENT_TARGET = 14.3;
				MTL_ENABLE_DEBUG_INFO = NO;
				MTL_FAST_MATH = YES;
				SDKROOT = iphoneos;
				SWIFT_COMPILATION_MODE = wholemodule;
				SWIFT_OPTIMIZATION_LEVEL = "-O";
				VALIDATE_PRODUCT = YES;
			};
			name = Release;
		};
		03EED91325D3E472005E3A48 /* Debug */ = {
			isa = XCBuildConfiguration;
			buildSettings = {
				ASSETCATALOG_COMPILER_APPICON_NAME = AppIcon;
				ASSETCATALOG_COMPILER_GLOBAL_ACCENT_COLOR_NAME = AccentColor;
				CODE_SIGN_STYLE = Automatic;
				DEVELOPMENT_TEAM = K7XJG666ZW;
				INFOPLIST_FILE = ARkitGame/Info.plist;
				LD_RUNPATH_SEARCH_PATHS = (
					"$(inherited)",
					"@executable_path/Frameworks",
				);
				PRODUCT_BUNDLE_IDENTIFIER = com.simform.ARkitGame;
				PRODUCT_NAME = "$(TARGET_NAME)";
				SWIFT_VERSION = 5.0;
				TARGETED_DEVICE_FAMILY = 1;
			};
			name = Debug;
		};
		03EED91425D3E472005E3A48 /* Release */ = {
			isa = XCBuildConfiguration;
			buildSettings = {
				ASSETCATALOG_COMPILER_APPICON_NAME = AppIcon;
				ASSETCATALOG_COMPILER_GLOBAL_ACCENT_COLOR_NAME = AccentColor;
				CODE_SIGN_STYLE = Automatic;
				DEVELOPMENT_TEAM = K7XJG666ZW;
				INFOPLIST_FILE = ARkitGame/Info.plist;
				LD_RUNPATH_SEARCH_PATHS = (
					"$(inherited)",
					"@executable_path/Frameworks",
				);
				PRODUCT_BUNDLE_IDENTIFIER = com.simform.ARkitGame;
				PRODUCT_NAME = "$(TARGET_NAME)";
				SWIFT_VERSION = 5.0;
				TARGETED_DEVICE_FAMILY = 1;
			};
			name = Release;
		};
/* End XCBuildConfiguration section */

/* Begin XCConfigurationList section */
		03EED8F925D3E471005E3A48 /* Build configuration list for PBXProject "ARkitGame" */ = {
			isa = XCConfigurationList;
			buildConfigurations = (
				03EED91025D3E472005E3A48 /* Debug */,
				03EED91125D3E472005E3A48 /* Release */,
			);
			defaultConfigurationIsVisible = 0;
			defaultConfigurationName = Release;
		};
		03EED91225D3E472005E3A48 /* Build configuration list for PBXNativeTarget "ARkitGame" */ = {
			isa = XCConfigurationList;
			buildConfigurations = (
				03EED91325D3E472005E3A48 /* Debug */,
				03EED91425D3E472005E3A48 /* Release */,
			);
			defaultConfigurationIsVisible = 0;
			defaultConfigurationName = Release;
		};
/* End XCConfigurationList section */
	};
	rootObject = 03EED8F625D3E471005E3A48 /* Project object */;
}
